
Microsoft Visual Studio Solution File, Format Version 12.00
# Visual Studio 2012
Project("{FAE04EC0-301F-11D3-BF4B-00C04F79EFBC}") = "ExpenseTracker.WEB", "ExpenseTracker.WEB\ExpenseTracker.WEB.csproj", "{FF445C1F-CE53-4F1C-BB2F-B5D0EB9E5DE5}"
EndProject
Project("{FAE04EC0-301F-11D3-BF4B-00C04F79EFBC}") = "ExpenseTracker.Core", "ExpenseTracker.Core\ExpenseTracker.Core.csproj", "{6634B35D-4C76-4353-BB3E-1672A4DEAC9B}"
EndProject
Global
	GlobalSection(SolutionConfigurationPlatforms) = preSolution
		Debug|Any CPU = Debug|Any CPU
		Release|Any CPU = Release|Any CPU
	EndGlobalSection
	GlobalSection(ProjectConfigurationPlatforms) = postSolution
		{FF445C1F-CE53-4F1C-BB2F-B5D0EB9E5DE5}.Debug|Any CPU.ActiveCfg = Debug|Any CPU
		{FF445C1F-CE53-4F1C-BB2F-B5D0EB9E5DE5}.Debug|Any CPU.Build.0 = Debug|Any CPU
		{FF445C1F-CE53-4F1C-BB2F-B5D0EB9E5DE5}.Release|Any CPU.ActiveCfg = Release|Any CPU
		{FF445C1F-CE53-4F1C-BB2F-B5D0EB9E5DE5}.Release|Any CPU.Build.0 = Release|Any CPU
		{6634B35D-4C76-4353-BB3E-1672A4DEAC9B}.Debug|Any CPU.ActiveCfg = Debug|Any CPU
		{6634B35D-4C76-4353-BB3E-1672A4DEAC9B}.Debug|Any CPU.Build.0 = Debug|Any CPU
		{6634B35D-4C76-4353-BB3E-1672A4DEAC9B}.Release|Any CPU.ActiveCfg = Release|Any CPU
		{6634B35D-4C76-4353-BB3E-1672A4DEAC9B}.Release|Any CPU.Build.0 = Release|Any CPU
	EndGlobalSection
	GlobalSection(SolutionProperties) = preSolution
		HideSolutionNode = FALSE
	EndGlobalSection
EndGlobal
